
Microsoft Visual Studio Solution File, Format Version 12.00
# Visual Studio Version 17
VisualStudioVersion = 17.14.37301.10
MinimumVisualStudioVersion = 10.0.40219.1
Project("{FAE04EC0-301F-11D3-BF4B-00C04F79EFBC}") = "GithubManager", "GithubManager.csproj", "{97BDB3DD-5688-4064-BF73-2D28F64677C1}"
EndProject
Project("{FAE04EC0-301F-11D3-BF4B-00C04F79EFBC}") = "GithubManager.Tests", "..\GithubManager.Tests\GithubManager.Tests.csproj", "{1C9758B1-FBA8-42F7-A8BE-FAA235A57B9A}"
EndProject
Global
	GlobalSection(SolutionConfigurationPlatforms) = preSolution
		Debug|Any CPU = Debug|Any CPU
		Release|Any CPU = Release|Any CPU
	EndGlobalSection
	GlobalSection(ProjectConfigurationPlatforms) = postSolution
		{97BDB3DD-5688-4064-BF73-2D28F64677C1}.Debug|Any CPU.ActiveCfg = Debug|Any CPU
		{97BDB3DD-5688-4064-BF73-2D28F64677C1}.Debug|Any CPU.Build.0 = Debug|Any CPU
		{97BDB3DD-5688-4064-BF73-2D28F64677C1}.Release|Any CPU.ActiveCfg = Release|Any CPU
		{97BDB3DD-5688-4064-BF73-2D28F64677C1}.Release|Any CPU.Build.0 = Release|Any CPU
		{1C9758B1-FBA8-42F7-A8BE-FAA235A57B9A}.Debug|Any CPU.ActiveCfg = Debug|Any CPU
		{1C9758B1-FBA8-42F7-A8BE-FAA235A57B9A}.Debug|Any CPU.Build.0 = Debug|Any CPU
		{1C9758B1-FBA8-42F7-A8BE-FAA235A57B9A}.Release|Any CPU.ActiveCfg = Release|Any CPU
		{1C9758B1-FBA8-42F7-A8BE-FAA235A57B9A}.Release|Any CPU.Build.0 = Release|Any CPU
	EndGlobalSection
	GlobalSection(SolutionProperties) = preSolution
		HideSolutionNode = FALSE
	EndGlobalSection
	GlobalSection(ExtensibilityGlobals) = postSolution
		SolutionGuid = {DB68E42C-E889-45FD-BEE5-38E997A4B408}
	EndGlobalSection
EndGlobal
